
Microsoft Visual Studio Solution File, Format Version 12.00
# Visual Studio Version 16
VisualStudioVersion = 16.0.29911.84
MinimumVisualStudioVersion = 10.0.40219.1
Project("{FAE04EC0-301F-11D3-BF4B-00C04F79EFBC}") = "PdfContentFilerOrganizer", "PdfContentFilerOrganizer\PdfContentFilerOrganizer.csproj", "{05D3488F-165E-47F1-B548-4FC2DC8CD3F7}"
EndProject
Project("{FAE04EC0-301F-11D3-BF4B-00C04F79EFBC}") = "PdfOrganizer", "PdfOrganizer\PdfOrganizer.csproj", "{6DD429EC-5D60-4DCE-BEA0-D349C6A52572}"
EndProject
Global
	GlobalSection(SolutionConfigurationPlatforms) = preSolution
		Debug|Any CPU = Debug|Any CPU
		Release|Any CPU = Release|Any CPU
	EndGlobalSection
	GlobalSection(ProjectConfigurationPlatforms) = postSolution
		{05D3488F-165E-47F1-B548-4FC2DC8CD3F7}.Debug|Any CPU.ActiveCfg = Debug|Any CPU
		{05D3488F-165E-47F1-B548-4FC2DC8CD3F7}.Debug|Any CPU.Build.0 = Debug|Any CPU
		{05D3488F-165E-47F1-B548-4FC2DC8CD3F7}.Release|Any CPU.ActiveCfg = Release|Any CPU
		{05D3488F-165E-47F1-B548-4FC2DC8CD3F7}.Release|Any CPU.Build.0 = Release|Any CPU
		{6DD429EC-5D60-4DCE-BEA0-D349C6A52572}.Debug|Any CPU.ActiveCfg = Debug|Any CPU
		{6DD429EC-5D60-4DCE-BEA0-D349C6A52572}.Debug|Any CPU.Build.0 = Debug|Any CPU
		{6DD429EC-5D60-4DCE-BEA0-D349C6A52572}.Release|Any CPU.ActiveCfg = Release|Any CPU
		{6DD429EC-5D60-4DCE-BEA0-D349C6A52572}.Release|Any CPU.Build.0 = Release|Any CPU
	EndGlobalSection
	GlobalSection(SolutionProperties) = preSolution
		HideSolutionNode = FALSE
	EndGlobalSection
	GlobalSection(ExtensibilityGlobals) = postSolution
		SolutionGuid = {DCDD669D-71F6-44C8-9264-14FCA666494F}
	EndGlobalSection
EndGlobal
